
Microsoft Visual Studio Solution File, Format Version 12.00
# Visual Studio 2012
Project("{FAE04EC0-301F-11D3-BF4B-00C04F79EFBC}") = "PageComposition", "PageComposition\PageComposition.csproj", "{DEE8187B-9FB1-49F5-8819-F77D54092584}"
EndProject
Project("{FAE04EC0-301F-11D3-BF4B-00C04F79EFBC}") = "BusinessLogic", "BusinessLogic\BusinessLogic.csproj", "{DD87C0F9-B146-41EA-AF4D-FB4BB432BF3E}"
EndProject
Project("{FAE04EC0-301F-11D3-BF4B-00C04F79EFBC}") = "IO", "IO\IO.csproj", "{FA743B71-1001-44AD-B216-DDB1709CAE83}"
EndProject
Project("{FAE04EC0-301F-11D3-BF4B-00C04F79EFBC}") = "UnitTest", "UnitTest\UnitTest.csproj", "{C6C1CF9F-F423-4D0D-AEA3-481EA92E2A13}"
EndProject
Global
	GlobalSection(SolutionConfigurationPlatforms) = preSolution
		Debug|Any CPU = Debug|Any CPU
		Release|Any CPU = Release|Any CPU
	EndGlobalSection
	GlobalSection(ProjectConfigurationPlatforms) = postSolution
		{DEE8187B-9FB1-49F5-8819-F77D54092584}.Debug|Any CPU.ActiveCfg = Debug|Any CPU
		{DEE8187B-9FB1-49F5-8819-F77D54092584}.Debug|Any CPU.Build.0 = Debug|Any CPU
		{DEE8187B-9FB1-49F5-8819-F77D54092584}.Release|Any CPU.ActiveCfg = Release|Any CPU
		{DEE8187B-9FB1-49F5-8819-F77D54092584}.Release|Any CPU.Build.0 = Release|Any CPU
		{DD87C0F9-B146-41EA-AF4D-FB4BB432BF3E}.Debug|Any CPU.ActiveCfg = Debug|Any CPU
		{DD87C0F9-B146-41EA-AF4D-FB4BB432BF3E}.Debug|Any CPU.Build.0 = Debug|Any CPU
		{DD87C0F9-B146-41EA-AF4D-FB4BB432BF3E}.Release|Any CPU.ActiveCfg = Release|Any CPU
		{DD87C0F9-B146-41EA-AF4D-FB4BB432BF3E}.Release|Any CPU.Build.0 = Release|Any CPU
		{FA743B71-1001-44AD-B216-DDB1709CAE83}.Debug|Any CPU.ActiveCfg = Debug|Any CPU
		{FA743B71-1001-44AD-B216-DDB1709CAE83}.Debug|Any CPU.Build.0 = Debug|Any CPU
		{FA743B71-1001-44AD-B216-DDB1709CAE83}.Release|Any CPU.ActiveCfg = Release|Any CPU
		{FA743B71-1001-44AD-B216-DDB1709CAE83}.Release|Any CPU.Build.0 = Release|Any CPU
		{C6C1CF9F-F423-4D0D-AEA3-481EA92E2A13}.Debug|Any CPU.ActiveCfg = Debug|Any CPU
		{C6C1CF9F-F423-4D0D-AEA3-481EA92E2A13}.Debug|Any CPU.Build.0 = Debug|Any CPU
		{C6C1CF9F-F423-4D0D-AEA3-481EA92E2A13}.Release|Any CPU.ActiveCfg = Release|Any CPU
		{C6C1CF9F-F423-4D0D-AEA3-481EA92E2A13}.Release|Any CPU.Build.0 = Release|Any CPU
	EndGlobalSection
	GlobalSection(SolutionProperties) = preSolution
		HideSolutionNode = FALSE
	EndGlobalSection
EndGlobal
